
Microsoft Visual Studio Solution File, Format Version 12.00
# Visual Studio Version 16
VisualStudioVersion = 16.0.31613.86
MinimumVisualStudioVersion = 10.0.40219.1
Project("{2150E333-8FDC-42A3-9474-1A3956D46DE8}") = "deployment", "deployment", "{C5870AB2-1978-458B-96CE-7CB7E74F72B7}"
EndProject
Project("{2150E333-8FDC-42A3-9474-1A3956D46DE8}") = "k8s", "k8s", "{AB07D834-ACCF-4830-892F-19FAE105B608}"
	ProjectSection(SolutionItems) = preProject
		deployment\k8s\kubectl_examples.md = deployment\k8s\kubectl_examples.md
	EndProjectSection
EndProject
Project("{2150E333-8FDC-42A3-9474-1A3956D46DE8}") = "pipelines", "pipelines", "{512F0833-FDD2-4ADE-A249-AEB74C1FBD0D}"
	ProjectSection(SolutionItems) = preProject
		deployment\pipelines\.gitkeep = deployment\pipelines\.gitkeep
	EndProjectSection
EndProject
Project("{2150E333-8FDC-42A3-9474-1A3956D46DE8}") = "documentation", "documentation", "{E78DFFA1-90B1-48FC-A3EE-258E4DC0D2CE}"
EndProject
Project("{2150E333-8FDC-42A3-9474-1A3956D46DE8}") = "src", "src", "{A7D270FB-A012-4E86-AE32-4C50CC4A89A1}"
EndProject
Project("{2150E333-8FDC-42A3-9474-1A3956D46DE8}") = "Ar.ApiGateways", "Ar.ApiGateways", "{DF4D7A99-87AE-4627-8C84-C176B1AA845D}"
EndProject
Project("{2150E333-8FDC-42A3-9474-1A3956D46DE8}") = "Ar.Common", "Ar.Common", "{FE426FEF-B814-443F-BA71-A9B669D41D91}"
EndProject
Project("{2150E333-8FDC-42A3-9474-1A3956D46DE8}") = "Ar.Messages", "Ar.Messages", "{730B7993-8401-48A5-9BDC-D3C5AB5EFB7D}"
EndProject
Project("{2150E333-8FDC-42A3-9474-1A3956D46DE8}") = "Ar.Mobile", "Ar.Mobile", "{7F328D36-5748-418C-AD10-D5E275B89565}"
	ProjectSection(SolutionItems) = preProject
		src\Ar.Mobile\.gitkeep = src\Ar.Mobile\.gitkeep
	EndProjectSection
EndProject
Project("{2150E333-8FDC-42A3-9474-1A3956D46DE8}") = "Ar.Services", "Ar.Services", "{9A15B88D-CF06-4CF1-89FC-75900AC82060}"
EndProject
Project("{2150E333-8FDC-42A3-9474-1A3956D46DE8}") = "Ar.WebApp", "Ar.WebApp", "{CF0B624E-E785-40D4-8718-F2484DBE37AE}"
EndProject
Project("{9A19103F-16F7-4668-BE54-9A1E7A4F7556}") = "Ar.Gateway", "src\Ar.ApiGateways\Ar.Gateway\Ar.Gateway.csproj", "{F92393CE-F57E-4DD2-A468-6F382525679F}"
EndProject
Project("{9A19103F-16F7-4668-BE54-9A1E7A4F7556}") = "OcelotApiGw", "src\Ar.ApiGateways\Base.Gateway\OcelotApiGw.csproj", "{11DDC643-9175-4CF0-A1B0-90B21EF40465}"
EndProject
Project("{2150E333-8FDC-42A3-9474-1A3956D46DE8}") = "DataContracts", "DataContracts", "{920C7CE7-CC70-4AFD-B728-53C89141A36B}"
EndProject
Project("{2150E333-8FDC-42A3-9474-1A3956D46DE8}") = "Authorization", "Authorization", "{D2019D13-956B-4C5C-BB5C-A77A6AA8D10F}"
EndProject
Project("{2150E333-8FDC-42A3-9474-1A3956D46DE8}") = "HealthChecks", "HealthChecks", "{5C58ECEB-8206-4670-B422-FD2B0AD6159E}"
	ProjectSection(SolutionItems) = preProject
		src\Ar.Common\HealthChecks\.gitkeep = src\Ar.Common\HealthChecks\.gitkeep
	EndProjectSection
EndProject
Project("{2150E333-8FDC-42A3-9474-1A3956D46DE8}") = "Helpers", "Helpers", "{F151916E-5E6C-4A8E-873F-5DE7FC697830}"
EndProject
Project("{9A19103F-16F7-4668-BE54-9A1E7A4F7556}") = "Architect.Dto", "src\Ar.Common\DataContracts\Architect.Dto\Architect.Dto.csproj", "{2099ABEC-FFB3-4911-9624-AAB7F26A693A}"
EndProject
Project("{9A19103F-16F7-4668-BE54-9A1E7A4F7556}") = "Ar.Common.Authorization", "src\Ar.Common\Authorization\Ar.Common.Authorization.csproj", "{01CA2ED3-3376-4F1F-A8E2-2F8787D16EA7}"
EndProject
Project("{9A19103F-16F7-4668-BE54-9A1E7A4F7556}") = "Ar.Common.Helpers", "src\Ar.Common\Helpers\Common\Ar.Common.Helpers.csproj", "{3FACBEFB-D2C5-4E6B-928B-441D2E469D65}"
EndProject
Project("{2150E333-8FDC-42A3-9474-1A3956D46DE8}") = "EventBus", "EventBus", "{D21F48AF-9088-4DEB-92BE-C07C5B660B26}"
EndProject
Project("{2150E333-8FDC-42A3-9474-1A3956D46DE8}") = "Compiler.Service", "Compiler.Service", "{F7C1E447-A7C8-49EF-8B17-5078F74F9C7E}"
EndProject
Project("{2150E333-8FDC-42A3-9474-1A3956D46DE8}") = "Generator.Service", "Generator.Service", "{B15AE443-F870-4C2E-84A0-80C5237D8D04}"
EndProject
Project("{2150E333-8FDC-42A3-9474-1A3956D46DE8}") = "Notification.Service", "Notification.Service", "{33AF6656-5E53-435A-976D-1C506B730A0F}"
EndProject
Project("{2150E333-8FDC-42A3-9474-1A3956D46DE8}") = "Supplier.Service", "Supplier.Service", "{E26D346C-FE72-434A-AE4A-F85453447800}"
EndProject
Project("{2150E333-8FDC-42A3-9474-1A3956D46DE8}") = "test", "test", "{46B97371-FBC8-416D-9EA9-176BC6F24811}"
EndProject
Project("{2150E333-8FDC-42A3-9474-1A3956D46DE8}") = "MessageTests", "MessageTests", "{BA72B21B-D36B-4453-A7FA-75D907CB0955}"
	ProjectSection(SolutionItems) = preProject
		test\MessageTests\.gitkeep = test\MessageTests\.gitkeep
	EndProjectSection
EndProject
Project("{2150E333-8FDC-42A3-9474-1A3956D46DE8}") = "ServiceTests", "ServiceTests", "{BDE74ED1-DDFF-4FF0-BD31-F846F5473862}"
EndProject
Project("{9A19103F-16F7-4668-BE54-9A1E7A4F7556}") = "App.FunctionalTests", "test\ServiceTests\App.FunctionalTests\App.FunctionalTests.csproj", "{1A1AAF27-646B-409D-8DB4-D5BA018C80E9}"
EndProject
Project("{9A19103F-16F7-4668-BE54-9A1E7A4F7556}") = "Services.LoadTests", "test\ServiceTests\Services.LoadTests\Services.LoadTests.csproj", "{ECAF0830-DF70-4F68-B2FC-257DA9CC452B}"
EndProject
Project("{9A19103F-16F7-4668-BE54-9A1E7A4F7556}") = "Ar.Compiler.Api", "src\Ar.Services\Compiler.Service\Ar.Compiler.Api\Ar.Compiler.Api.csproj", "{F76A2433-2AEB-41C9-9696-ED14CC507784}"
EndProject
Project("{2150E333-8FDC-42A3-9474-1A3956D46DE8}") = "tests", "tests", "{5E2BBBA1-F934-42AC-93AB-6ABDE9CA1D1C}"
EndProject
Project("{9A19103F-16F7-4668-BE54-9A1E7A4F7556}") = "Ar.Compiler.UnitTests", "src\Ar.Services\Compiler.Service\tests\Ar.Compiler.UnitTests\Ar.Compiler.UnitTests.csproj", "{2A66428E-3733-44C9-B202-B2B01972DCBE}"
EndProject
Project("{9A19103F-16F7-4668-BE54-9A1E7A4F7556}") = "Ar.Compiler.Service", "src\Ar.Services\Compiler.Service\Ar.Compiler.Service\Ar.Compiler.Service.csproj", "{675C064E-298B-43B6-AA94-80C86B18DCFB}"
EndProject
Project("{9A19103F-16F7-4668-BE54-9A1E7A4F7556}") = "Ar.Generator.Api", "src\Ar.Services\Generator.Service\Ar.Generator.Api\Ar.Generator.Api.csproj", "{B758CD1C-BB8B-4B1F-AFDE-C4CD2798E15A}"
EndProject
Project("{9A19103F-16F7-4668-BE54-9A1E7A4F7556}") = "Ar.Generator.Service", "src\Ar.Services\Generator.Service\Ar.Generator.Service\Ar.Generator.Service.csproj", "{82816E01-16D8-4C46-9894-D049D17404FC}"
EndProject
Project("{9A19103F-16F7-4668-BE54-9A1E7A4F7556}") = "Ar.Generator.Repository", "src\Ar.Services\Generator.Service\Ar.Generator.Repository\Ar.Generator.Repository.csproj", "{81E1E271-FBAE-4AFA-8162-DD6FE1203B87}"
EndProject
Project("{9A19103F-16F7-4668-BE54-9A1E7A4F7556}") = "Ar.Generator.Data", "src\Ar.Services\Generator.Service\Ar.Generator.Data\Ar.Generator.Data.csproj", "{D801CAE2-93AD-4BE0-B20C-F6F34194D48A}"
EndProject
Project("{2150E333-8FDC-42A3-9474-1A3956D46DE8}") = "tests", "tests", "{E56CD95A-961A-4B3B-94E3-0B42511F490A}"
EndProject
Project("{9A19103F-16F7-4668-BE54-9A1E7A4F7556}") = "Ar.Generator.UnitTests", "src\Ar.Services\Generator.Service\tests\Ar.Generator.UnitTests\Ar.Generator.UnitTests.csproj", "{73BDBD80-29ED-4C13-8F38-5801291E4E7E}"
EndProject
Project("{9A19103F-16F7-4668-BE54-9A1E7A4F7556}") = "Ar.Notification.Api", "src\Ar.Services\Notification.Service\Ar.Notification.Api\Ar.Notification.Api.csproj", "{DA7283DA-65DE-4C6D-A8B2-DD054E0FBE4F}"
EndProject
Project("{9A19103F-16F7-4668-BE54-9A1E7A4F7556}") = "Ar.Notification.Service", "src\Ar.Services\Notification.Service\Ar.Notification.Service\Ar.Notification.Service.csproj", "{25C5BA58-5274-4CC6-9232-FF46C2C0C78C}"
EndProject
Project("{9A19103F-16F7-4668-BE54-9A1E7A4F7556}") = "Ar.Supplier.Api", "src\Ar.Services\Supplier.Service\Ar.Supplier.Api\Ar.Supplier.Api.csproj", "{041CA007-84E7-4DBD-9A16-91C7D0EF9366}"
EndProject
Project("{2150E333-8FDC-42A3-9474-1A3956D46DE8}") = "tests", "tests", "{D9A9D7DD-3746-4CEB-8966-1B2F42237A01}"
EndProject
Project("{9A19103F-16F7-4668-BE54-9A1E7A4F7556}") = "Ar.Notification.UnitTests", "src\Ar.Services\Notification.Service\tests\Ar.Notification.UnitTests\Ar.Notification.UnitTests.csproj", "{43C76AD5-1B33-4302-84B3-D877F79F0E01}"
EndProject
Project("{2150E333-8FDC-42A3-9474-1A3956D46DE8}") = "tests", "tests", "{D4673537-D54A-4D0E-A40A-B2911BF82E36}"
EndProject
Project("{9A19103F-16F7-4668-BE54-9A1E7A4F7556}") = "Ar.Supplier.UnitTests", "src\Ar.Services\Supplier.Service\tests\Ar.Supplier.UnitTests\Ar.Supplier.UnitTests.csproj", "{74F26752-08FC-49CB-933D-430C7007DD0A}"
EndProject
Project("{9A19103F-16F7-4668-BE54-9A1E7A4F7556}") = "Ar.Supplier.Service", "src\Ar.Services\Supplier.Service\Ar.Supplier.Service\Ar.Supplier.Service.csproj", "{34F2D43F-4CEC-4A20-9111-64E610EA954C}"
EndProject
Project("{9A19103F-16F7-4668-BE54-9A1E7A4F7556}") = "Ar.Web", "src\Ar.WebApp\Ar.Web\Ar.Web.csproj", "{183BBEBB-8A08-4B73-91E3-52AF205C8BD1}"
EndProject
Project("{E53339B2-1760-4266-BCC7-CA923CBCF16C}") = "docker-compose", "docker-compose.dcproj", "{80AA8A36-CFD8-4EDC-9E5E-D23CF5906C55}"
EndProject
Project("{2150E333-8FDC-42A3-9474-1A3956D46DE8}") = "configmaps", "configmaps", "{02CA2714-B513-43B4-A886-6A956F6F520F}"
	ProjectSection(SolutionItems) = preProject
		deployment\k8s\base\configmaps\architect-compiler-configmap.yaml = deployment\k8s\base\configmaps\architect-compiler-configmap.yaml
		deployment\k8s\base\configmaps\architect-generator-configmap.yaml = deployment\k8s\base\configmaps\architect-generator-configmap.yaml
		deployment\k8s\base\configmaps\architect-web-configmap.yaml = deployment\k8s\base\configmaps\architect-web-configmap.yaml
		deployment\k8s\base\configmaps\environment-configmap.yaml = deployment\k8s\base\configmaps\environment-configmap.yaml
		deployment\k8s\base\configmaps\eventbus-settings-configmap.yaml = deployment\k8s\base\configmaps\eventbus-settings-configmap.yaml
	EndProjectSection
EndProject
Project("{2150E333-8FDC-42A3-9474-1A3956D46DE8}") = "deployments", "deployments", "{417F2720-2CB7-4E75-B1BD-D8E8E7A8C6D4}"
	ProjectSection(SolutionItems) = preProject
		deployment\k8s\base\deployments\architect-compiler.yaml = deployment\k8s\base\deployments\architect-compiler.yaml
		deployment\k8s\base\deployments\architect-gateway.yaml = deployment\k8s\base\deployments\architect-gateway.yaml
		deployment\k8s\base\deployments\architect-generator.yaml = deployment\k8s\base\deployments\architect-generator.yaml
		deployment\k8s\base\deployments\architect-messenger.yaml = deployment\k8s\base\deployments\architect-messenger.yaml
		deployment\k8s\base\deployments\architect-notification.yaml = deployment\k8s\base\deployments\architect-notification.yaml
		deployment\k8s\base\deployments\architect-supplier.yaml = deployment\k8s\base\deployments\architect-supplier.yaml
		deployment\k8s\base\deployments\architect-web.yaml = deployment\k8s\base\deployments\architect-web.yaml
	EndProjectSection
EndProject
Project("{2150E333-8FDC-42A3-9474-1A3956D46DE8}") = "secrets", "secrets", "{CFDD7991-469C-4B0B-BA26-3A0A746B3575}"
	ProjectSection(SolutionItems) = preProject
		deployment\k8s\base\secrets\architect-generator-secret.yaml = deployment\k8s\base\secrets\architect-generator-secret.yaml
		deployment\k8s\base\secrets\architect-messenger-secret.yaml = deployment\k8s\base\secrets\architect-messenger-secret.yaml
		deployment\k8s\base\secrets\eventbus-settings-secret.yaml = deployment\k8s\base\secrets\eventbus-settings-secret.yaml
		deployment\k8s\base\secrets\sql-data-generatordb-secret.yaml = deployment\k8s\base\secrets\sql-data-generatordb-secret.yaml
	EndProjectSection
EndProject
Project("{2150E333-8FDC-42A3-9474-1A3956D46DE8}") = "statefulsets", "statefulsets", "{C89BE792-E411-4DD1-8917-41D9A9DD0884}"
	ProjectSection(SolutionItems) = preProject
		deployment\k8s\base\statefulsets\sql-data-generatordb.yaml = deployment\k8s\base\statefulsets\sql-data-generatordb.yaml
	EndProjectSection
EndProject
Project("{2150E333-8FDC-42A3-9474-1A3956D46DE8}") = "img", "img", "{A5C9828D-7682-4087-A096-68EB50308AB6}"
	ProjectSection(SolutionItems) = preProject
		documentation\img\adl-semantic-model.png = documentation\img\adl-semantic-model.png
		documentation\img\architect-engine.png = documentation\img\architect-engine.png
		documentation\img\saga-architecture.png = documentation\img\saga-architecture.png
	EndProjectSection
EndProject
Project("{9A19103F-16F7-4668-BE54-9A1E7A4F7556}") = "EventBus", "src\Ar.Messages\EventBus\EventBus\EventBus.csproj", "{B3C4F861-419E-4A27-95E3-6C6CE0E7093A}"
EndProject
Project("{9A19103F-16F7-4668-BE54-9A1E7A4F7556}") = "EventBusRabbitMQ", "src\Ar.Messages\EventBus\EventBusRabbitMQ\EventBusRabbitMQ.csproj", "{BF2DEFA7-3B68-4FA5-9D13-BFABDB3553D2}"
EndProject
Project("{2150E333-8FDC-42A3-9474-1A3956D46DE8}") = "tests", "tests", "{06AC75E9-11C1-4FF5-BE93-1FB37CDF0047}"
EndProject
Project("{9A19103F-16F7-4668-BE54-9A1E7A4F7556}") = "EventBus.Tests", "src\Ar.Messages\EventBus\EventBus.Tests\EventBus.Tests.csproj", "{BFD20C9A-0BD0-48E0-AD9B-6C08F2F1FC68}"
EndProject
Project("{2150E333-8FDC-42A3-9474-1A3956D46DE8}") = "base", "base", "{DEF7383F-B92A-4E25-8EA4-1A7BF8506459}"
	ProjectSection(SolutionItems) = preProject
		deployment\k8s\base\kustomization.yaml = deployment\k8s\base\kustomization.yaml
	EndProjectSection
EndProject
Project("{2150E333-8FDC-42A3-9474-1A3956D46DE8}") = "overlays", "overlays", "{9BA18667-F347-488F-B4B9-B2B967858549}"
EndProject
Project("{2150E333-8FDC-42A3-9474-1A3956D46DE8}") = "test-env", "test-env", "{1A3EAC96-6F09-4A9F-A2C3-FD408DC6433A}"
	ProjectSection(SolutionItems) = preProject
		deployment\k8s\overlays\test-env\kustomization.yaml = deployment\k8s\overlays\test-env\kustomization.yaml
	EndProjectSection
EndProject
Project("{2150E333-8FDC-42A3-9474-1A3956D46DE8}") = "ingresses", "ingresses", "{665BD61A-3137-49FC-8613-C8E89718AD87}"
	ProjectSection(SolutionItems) = preProject
		deployment\k8s\overlays\test-env\ingresses\architect-web-ingress.yaml = deployment\k8s\overlays\test-env\ingresses\architect-web-ingress.yaml
	EndProjectSection
EndProject
Project("{2150E333-8FDC-42A3-9474-1A3956D46DE8}") = "namespaces", "namespaces", "{8678B117-3B4B-48F5-A5CD-0B725819EC05}"
	ProjectSection(SolutionItems) = preProject
		deployment\k8s\overlays\test-env\namespaces\ar-namespace.yaml = deployment\k8s\overlays\test-env\namespaces\ar-namespace.yaml
	EndProjectSection
EndProject
Project("{2150E333-8FDC-42A3-9474-1A3956D46DE8}") = "pvc", "pvc", "{3945EC22-4AB3-4C2E-920C-80B54D120802}"
	ProjectSection(SolutionItems) = preProject
		deployment\k8s\overlays\test-env\pvc\sql-data-generatordb-pvc.yaml = deployment\k8s\overlays\test-env\pvc\sql-data-generatordb-pvc.yaml
	EndProjectSection
EndProject
Project("{2150E333-8FDC-42A3-9474-1A3956D46DE8}") = "cluster-kubeconfigs", "cluster-kubeconfigs", "{2F2701DE-06B1-416B-A62E-9310F3F2FF37}"
	ProjectSection(SolutionItems) = preProject
		deployment\k8s\base\cluster-kubeconfigs\local-kube.config = deployment\k8s\base\cluster-kubeconfigs\local-kube.config
	EndProjectSection
EndProject
Global
	GlobalSection(SolutionConfigurationPlatforms) = preSolution
		Debug|Any CPU = Debug|Any CPU
		Release|Any CPU = Release|Any CPU
	EndGlobalSection
	GlobalSection(ProjectConfigurationPlatforms) = postSolution
		{F92393CE-F57E-4DD2-A468-6F382525679F}.Debug|Any CPU.ActiveCfg = Debug|Any CPU
		{F92393CE-F57E-4DD2-A468-6F382525679F}.Debug|Any CPU.Build.0 = Debug|Any CPU
		{F92393CE-F57E-4DD2-A468-6F382525679F}.Release|Any CPU.ActiveCfg = Release|Any CPU
		{F92393CE-F57E-4DD2-A468-6F382525679F}.Release|Any CPU.Build.0 = Release|Any CPU
		{11DDC643-9175-4CF0-A1B0-90B21EF40465}.Debug|Any CPU.ActiveCfg = Debug|Any CPU
		{11DDC643-9175-4CF0-A1B0-90B21EF40465}.Debug|Any CPU.Build.0 = Debug|Any CPU
		{11DDC643-9175-4CF0-A1B0-90B21EF40465}.Release|Any CPU.ActiveCfg = Release|Any CPU
		{11DDC643-9175-4CF0-A1B0-90B21EF40465}.Release|Any CPU.Build.0 = Release|Any CPU
		{2099ABEC-FFB3-4911-9624-AAB7F26A693A}.Debug|Any CPU.ActiveCfg = Debug|Any CPU
		{2099ABEC-FFB3-4911-9624-AAB7F26A693A}.Debug|Any CPU.Build.0 = Debug|Any CPU
		{2099ABEC-FFB3-4911-9624-AAB7F26A693A}.Release|Any CPU.ActiveCfg = Release|Any CPU
		{2099ABEC-FFB3-4911-9624-AAB7F26A693A}.Release|Any CPU.Build.0 = Release|Any CPU
		{01CA2ED3-3376-4F1F-A8E2-2F8787D16EA7}.Debug|Any CPU.ActiveCfg = Debug|Any CPU
		{01CA2ED3-3376-4F1F-A8E2-2F8787D16EA7}.Debug|Any CPU.Build.0 = Debug|Any CPU
		{01CA2ED3-3376-4F1F-A8E2-2F8787D16EA7}.Release|Any CPU.ActiveCfg = Release|Any CPU
		{01CA2ED3-3376-4F1F-A8E2-2F8787D16EA7}.Release|Any CPU.Build.0 = Release|Any CPU
		{3FACBEFB-D2C5-4E6B-928B-441D2E469D65}.Debug|Any CPU.ActiveCfg = Debug|Any CPU
		{3FACBEFB-D2C5-4E6B-928B-441D2E469D65}.Debug|Any CPU.Build.0 = Debug|Any CPU
		{3FACBEFB-D2C5-4E6B-928B-441D2E469D65}.Release|Any CPU.ActiveCfg = Release|Any CPU
		{3FACBEFB-D2C5-4E6B-928B-441D2E469D65}.Release|Any CPU.Build.0 = Release|Any CPU
		{1A1AAF27-646B-409D-8DB4-D5BA018C80E9}.Debug|Any CPU.ActiveCfg = Debug|Any CPU
		{1A1AAF27-646B-409D-8DB4-D5BA018C80E9}.Debug|Any CPU.Build.0 = Debug|Any CPU
		{1A1AAF27-646B-409D-8DB4-D5BA018C80E9}.Release|Any CPU.ActiveCfg = Release|Any CPU
		{1A1AAF27-646B-409D-8DB4-D5BA018C80E9}.Release|Any CPU.Build.0 = Release|Any CPU
		{ECAF0830-DF70-4F68-B2FC-257DA9CC452B}.Debug|Any CPU.ActiveCfg = Debug|Any CPU
		{ECAF0830-DF70-4F68-B2FC-257DA9CC452B}.Debug|Any CPU.Build.0 = Debug|Any CPU
		{ECAF0830-DF70-4F68-B2FC-257DA9CC452B}.Release|Any CPU.ActiveCfg = Release|Any CPU
		{ECAF0830-DF70-4F68-B2FC-257DA9CC452B}.Release|Any CPU.Build.0 = Release|Any CPU
		{F76A2433-2AEB-41C9-9696-ED14CC507784}.Debug|Any CPU.ActiveCfg = Debug|Any CPU
		{F76A2433-2AEB-41C9-9696-ED14CC507784}.Debug|Any CPU.Build.0 = Debug|Any CPU
		{F76A2433-2AEB-41C9-9696-ED14CC507784}.Release|Any CPU.ActiveCfg = Release|Any CPU
		{F76A2433-2AEB-41C9-9696-ED14CC507784}.Release|Any CPU.Build.0 = Release|Any CPU
		{2A66428E-3733-44C9-B202-B2B01972DCBE}.Debug|Any CPU.ActiveCfg = Debug|Any CPU
		{2A66428E-3733-44C9-B202-B2B01972DCBE}.Debug|Any CPU.Build.0 = Debug|Any CPU
		{2A66428E-3733-44C9-B202-B2B01972DCBE}.Release|Any CPU.ActiveCfg = Release|Any CPU
		{2A66428E-3733-44C9-B202-B2B01972DCBE}.Release|Any CPU.Build.0 = Release|Any CPU
		{675C064E-298B-43B6-AA94-80C86B18DCFB}.Debug|Any CPU.ActiveCfg = Debug|Any CPU
		{675C064E-298B-43B6-AA94-80C86B18DCFB}.Debug|Any CPU.Build.0 = Debug|Any CPU
		{675C064E-298B-43B6-AA94-80C86B18DCFB}.Release|Any CPU.ActiveCfg = Release|Any CPU
		{675C064E-298B-43B6-AA94-80C86B18DCFB}.Release|Any CPU.Build.0 = Release|Any CPU
		{B758CD1C-BB8B-4B1F-AFDE-C4CD2798E15A}.Debug|Any CPU.ActiveCfg = Debug|Any CPU
		{B758CD1C-BB8B-4B1F-AFDE-C4CD2798E15A}.Debug|Any CPU.Build.0 = Debug|Any CPU
		{B758CD1C-BB8B-4B1F-AFDE-C4CD2798E15A}.Release|Any CPU.ActiveCfg = Release|Any CPU
		{B758CD1C-BB8B-4B1F-AFDE-C4CD2798E15A}.Release|Any CPU.Build.0 = Release|Any CPU
		{82816E01-16D8-4C46-9894-D049D17404FC}.Debug|Any CPU.ActiveCfg = Debug|Any CPU
		{82816E01-16D8-4C46-9894-D049D17404FC}.Debug|Any CPU.Build.0 = Debug|Any CPU
		{82816E01-16D8-4C46-9894-D049D17404FC}.Release|Any CPU.ActiveCfg = Release|Any CPU
		{82816E01-16D8-4C46-9894-D049D17404FC}.Release|Any CPU.Build.0 = Release|Any CPU
		{81E1E271-FBAE-4AFA-8162-DD6FE1203B87}.Debug|Any CPU.ActiveCfg = Debug|Any CPU
		{81E1E271-FBAE-4AFA-8162-DD6FE1203B87}.Debug|Any CPU.Build.0 = Debug|Any CPU
		{81E1E271-FBAE-4AFA-8162-DD6FE1203B87}.Release|Any CPU.ActiveCfg = Release|Any CPU
		{81E1E271-FBAE-4AFA-8162-DD6FE1203B87}.Release|Any CPU.Build.0 = Release|Any CPU
		{D801CAE2-93AD-4BE0-B20C-F6F34194D48A}.Debug|Any CPU.ActiveCfg = Debug|Any CPU
		{D801CAE2-93AD-4BE0-B20C-F6F34194D48A}.Debug|Any CPU.Build.0 = Debug|Any CPU
		{D801CAE2-93AD-4BE0-B20C-F6F34194D48A}.Release|Any CPU.ActiveCfg = Release|Any CPU
		{D801CAE2-93AD-4BE0-B20C-F6F34194D48A}.Release|Any CPU.Build.0 = Release|Any CPU
		{73BDBD80-29ED-4C13-8F38-5801291E4E7E}.Debug|Any CPU.ActiveCfg = Debug|Any CPU
		{73BDBD80-29ED-4C13-8F38-5801291E4E7E}.Debug|Any CPU.Build.0 = Debug|Any CPU
		{73BDBD80-29ED-4C13-8F38-5801291E4E7E}.Release|Any CPU.ActiveCfg = Release|Any CPU
		{73BDBD80-29ED-4C13-8F38-5801291E4E7E}.Release|Any CPU.Build.0 = Release|Any CPU
		{DA7283DA-65DE-4C6D-A8B2-DD054E0FBE4F}.Debug|Any CPU.ActiveCfg = Debug|Any CPU
		{DA7283DA-65DE-4C6D-A8B2-DD054E0FBE4F}.Debug|Any CPU.Build.0 = Debug|Any CPU
		{DA7283DA-65DE-4C6D-A8B2-DD054E0FBE4F}.Release|Any CPU.ActiveCfg = Release|Any CPU
		{DA7283DA-65DE-4C6D-A8B2-DD054E0FBE4F}.Release|Any CPU.Build.0 = Release|Any CPU
		{25C5BA58-5274-4CC6-9232-FF46C2C0C78C}.Debug|Any CPU.ActiveCfg = Debug|Any CPU
		{25C5BA58-5274-4CC6-9232-FF46C2C0C78C}.Debug|Any CPU.Build.0 = Debug|Any CPU
		{25C5BA58-5274-4CC6-9232-FF46C2C0C78C}.Release|Any CPU.ActiveCfg = Release|Any CPU
		{25C5BA58-5274-4CC6-9232-FF46C2C0C78C}.Release|Any CPU.Build.0 = Release|Any CPU
		{041CA007-84E7-4DBD-9A16-91C7D0EF9366}.Debug|Any CPU.ActiveCfg = Debug|Any CPU
		{041CA007-84E7-4DBD-9A16-91C7D0EF9366}.Debug|Any CPU.Build.0 = Debug|Any CPU
		{041CA007-84E7-4DBD-9A16-91C7D0EF9366}.Release|Any CPU.ActiveCfg = Release|Any CPU
		{041CA007-84E7-4DBD-9A16-91C7D0EF9366}.Release|Any CPU.Build.0 = Release|Any CPU
		{43C76AD5-1B33-4302-84B3-D877F79F0E01}.Debug|Any CPU.ActiveCfg = Debug|Any CPU
		{43C76AD5-1B33-4302-84B3-D877F79F0E01}.Debug|Any CPU.Build.0 = Debug|Any CPU
		{43C76AD5-1B33-4302-84B3-D877F79F0E01}.Release|Any CPU.ActiveCfg = Release|Any CPU
		{43C76AD5-1B33-4302-84B3-D877F79F0E01}.Release|Any CPU.Build.0 = Release|Any CPU
		{74F26752-08FC-49CB-933D-430C7007DD0A}.Debug|Any CPU.ActiveCfg = Debug|Any CPU
		{74F26752-08FC-49CB-933D-430C7007DD0A}.Debug|Any CPU.Build.0 = Debug|Any CPU
		{74F26752-08FC-49CB-933D-430C7007DD0A}.Release|Any CPU.ActiveCfg = Release|Any CPU
		{74F26752-08FC-49CB-933D-430C7007DD0A}.Release|Any CPU.Build.0 = Release|Any CPU
		{34F2D43F-4CEC-4A20-9111-64E610EA954C}.Debug|Any CPU.ActiveCfg = Debug|Any CPU
		{34F2D43F-4CEC-4A20-9111-64E610EA954C}.Debug|Any CPU.Build.0 = Debug|Any CPU
		{34F2D43F-4CEC-4A20-9111-64E610EA954C}.Release|Any CPU.ActiveCfg = Release|Any CPU
		{34F2D43F-4CEC-4A20-9111-64E610EA954C}.Release|Any CPU.Build.0 = Release|Any CPU
		{183BBEBB-8A08-4B73-91E3-52AF205C8BD1}.Debug|Any CPU.ActiveCfg = Debug|Any CPU
		{183BBEBB-8A08-4B73-91E3-52AF205C8BD1}.Debug|Any CPU.Build.0 = Debug|Any CPU
		{183BBEBB-8A08-4B73-91E3-52AF205C8BD1}.Release|Any CPU.ActiveCfg = Release|Any CPU
		{183BBEBB-8A08-4B73-91E3-52AF205C8BD1}.Release|Any CPU.Build.0 = Release|Any CPU
		{80AA8A36-CFD8-4EDC-9E5E-D23CF5906C55}.Debug|Any CPU.ActiveCfg = Debug|Any CPU
		{80AA8A36-CFD8-4EDC-9E5E-D23CF5906C55}.Debug|Any CPU.Build.0 = Debug|Any CPU
		{80AA8A36-CFD8-4EDC-9E5E-D23CF5906C55}.Release|Any CPU.ActiveCfg = Release|Any CPU
		{80AA8A36-CFD8-4EDC-9E5E-D23CF5906C55}.Release|Any CPU.Build.0 = Release|Any CPU
		{B3C4F861-419E-4A27-95E3-6C6CE0E7093A}.Debug|Any CPU.ActiveCfg = Debug|Any CPU
		{B3C4F861-419E-4A27-95E3-6C6CE0E7093A}.Debug|Any CPU.Build.0 = Debug|Any CPU
		{B3C4F861-419E-4A27-95E3-6C6CE0E7093A}.Release|Any CPU.ActiveCfg = Release|Any CPU
		{B3C4F861-419E-4A27-95E3-6C6CE0E7093A}.Release|Any CPU.Build.0 = Release|Any CPU
		{BF2DEFA7-3B68-4FA5-9D13-BFABDB3553D2}.Debug|Any CPU.ActiveCfg = Debug|Any CPU
		{BF2DEFA7-3B68-4FA5-9D13-BFABDB3553D2}.Debug|Any CPU.Build.0 = Debug|Any CPU
		{BF2DEFA7-3B68-4FA5-9D13-BFABDB3553D2}.Release|Any CPU.ActiveCfg = Release|Any CPU
		{BF2DEFA7-3B68-4FA5-9D13-BFABDB3553D2}.Release|Any CPU.Build.0 = Release|Any CPU
		{BFD20C9A-0BD0-48E0-AD9B-6C08F2F1FC68}.Debug|Any CPU.ActiveCfg = Debug|Any CPU
		{BFD20C9A-0BD0-48E0-AD9B-6C08F2F1FC68}.Debug|Any CPU.Build.0 = Debug|Any CPU
		{BFD20C9A-0BD0-48E0-AD9B-6C08F2F1FC68}.Release|Any CPU.ActiveCfg = Release|Any CPU
		{BFD20C9A-0BD0-48E0-AD9B-6C08F2F1FC68}.Release|Any CPU.Build.0 = Release|Any CPU
	EndGlobalSection
	GlobalSection(SolutionProperties) = preSolution
		HideSolutionNode = FALSE
	EndGlobalSection
	GlobalSection(NestedProjects) = preSolution
		{AB07D834-ACCF-4830-892F-19FAE105B608} = {C5870AB2-1978-458B-96CE-7CB7E74F72B7}
		{512F0833-FDD2-4ADE-A249-AEB74C1FBD0D} = {C5870AB2-1978-458B-96CE-7CB7E74F72B7}
		{DF4D7A99-87AE-4627-8C84-C176B1AA845D} = {A7D270FB-A012-4E86-AE32-4C50CC4A89A1}
		{FE426FEF-B814-443F-BA71-A9B669D41D91} = {A7D270FB-A012-4E86-AE32-4C50CC4A89A1}
		{730B7993-8401-48A5-9BDC-D3C5AB5EFB7D} = {A7D270FB-A012-4E86-AE32-4C50CC4A89A1}
		{7F328D36-5748-418C-AD10-D5E275B89565} = {A7D270FB-A012-4E86-AE32-4C50CC4A89A1}
		{9A15B88D-CF06-4CF1-89FC-75900AC82060} = {A7D270FB-A012-4E86-AE32-4C50CC4A89A1}
		{CF0B624E-E785-40D4-8718-F2484DBE37AE} = {A7D270FB-A012-4E86-AE32-4C50CC4A89A1}
		{F92393CE-F57E-4DD2-A468-6F382525679F} = {DF4D7A99-87AE-4627-8C84-C176B1AA845D}
		{11DDC643-9175-4CF0-A1B0-90B21EF40465} = {DF4D7A99-87AE-4627-8C84-C176B1AA845D}
		{920C7CE7-CC70-4AFD-B728-53C89141A36B} = {FE426FEF-B814-443F-BA71-A9B669D41D91}
		{D2019D13-956B-4C5C-BB5C-A77A6AA8D10F} = {FE426FEF-B814-443F-BA71-A9B669D41D91}
		{5C58ECEB-8206-4670-B422-FD2B0AD6159E} = {FE426FEF-B814-443F-BA71-A9B669D41D91}
		{F151916E-5E6C-4A8E-873F-5DE7FC697830} = {FE426FEF-B814-443F-BA71-A9B669D41D91}
		{2099ABEC-FFB3-4911-9624-AAB7F26A693A} = {920C7CE7-CC70-4AFD-B728-53C89141A36B}
		{01CA2ED3-3376-4F1F-A8E2-2F8787D16EA7} = {D2019D13-956B-4C5C-BB5C-A77A6AA8D10F}
		{3FACBEFB-D2C5-4E6B-928B-441D2E469D65} = {F151916E-5E6C-4A8E-873F-5DE7FC697830}
		{D21F48AF-9088-4DEB-92BE-C07C5B660B26} = {730B7993-8401-48A5-9BDC-D3C5AB5EFB7D}
		{F7C1E447-A7C8-49EF-8B17-5078F74F9C7E} = {9A15B88D-CF06-4CF1-89FC-75900AC82060}
		{B15AE443-F870-4C2E-84A0-80C5237D8D04} = {9A15B88D-CF06-4CF1-89FC-75900AC82060}
		{33AF6656-5E53-435A-976D-1C506B730A0F} = {9A15B88D-CF06-4CF1-89FC-75900AC82060}
		{E26D346C-FE72-434A-AE4A-F85453447800} = {9A15B88D-CF06-4CF1-89FC-75900AC82060}
		{BA72B21B-D36B-4453-A7FA-75D907CB0955} = {46B97371-FBC8-416D-9EA9-176BC6F24811}
		{BDE74ED1-DDFF-4FF0-BD31-F846F5473862} = {46B97371-FBC8-416D-9EA9-176BC6F24811}
		{1A1AAF27-646B-409D-8DB4-D5BA018C80E9} = {BDE74ED1-DDFF-4FF0-BD31-F846F5473862}
		{ECAF0830-DF70-4F68-B2FC-257DA9CC452B} = {BDE74ED1-DDFF-4FF0-BD31-F846F5473862}
		{F76A2433-2AEB-41C9-9696-ED14CC507784} = {F7C1E447-A7C8-49EF-8B17-5078F74F9C7E}
		{5E2BBBA1-F934-42AC-93AB-6ABDE9CA1D1C} = {F7C1E447-A7C8-49EF-8B17-5078F74F9C7E}
		{2A66428E-3733-44C9-B202-B2B01972DCBE} = {5E2BBBA1-F934-42AC-93AB-6ABDE9CA1D1C}
		{675C064E-298B-43B6-AA94-80C86B18DCFB} = {F7C1E447-A7C8-49EF-8B17-5078F74F9C7E}
		{B758CD1C-BB8B-4B1F-AFDE-C4CD2798E15A} = {B15AE443-F870-4C2E-84A0-80C5237D8D04}
		{82816E01-16D8-4C46-9894-D049D17404FC} = {B15AE443-F870-4C2E-84A0-80C5237D8D04}
		{81E1E271-FBAE-4AFA-8162-DD6FE1203B87} = {B15AE443-F870-4C2E-84A0-80C5237D8D04}
		{D801CAE2-93AD-4BE0-B20C-F6F34194D48A} = {B15AE443-F870-4C2E-84A0-80C5237D8D04}
		{E56CD95A-961A-4B3B-94E3-0B42511F490A} = {B15AE443-F870-4C2E-84A0-80C5237D8D04}
		{73BDBD80-29ED-4C13-8F38-5801291E4E7E} = {E56CD95A-961A-4B3B-94E3-0B42511F490A}
		{DA7283DA-65DE-4C6D-A8B2-DD054E0FBE4F} = {33AF6656-5E53-435A-976D-1C506B730A0F}
		{25C5BA58-5274-4CC6-9232-FF46C2C0C78C} = {33AF6656-5E53-435A-976D-1C506B730A0F}
		{041CA007-84E7-4DBD-9A16-91C7D0EF9366} = {E26D346C-FE72-434A-AE4A-F85453447800}
		{D9A9D7DD-3746-4CEB-8966-1B2F42237A01} = {33AF6656-5E53-435A-976D-1C506B730A0F}
		{43C76AD5-1B33-4302-84B3-D877F79F0E01} = {D9A9D7DD-3746-4CEB-8966-1B2F42237A01}
		{D4673537-D54A-4D0E-A40A-B2911BF82E36} = {E26D346C-FE72-434A-AE4A-F85453447800}
		{74F26752-08FC-49CB-933D-430C7007DD0A} = {D4673537-D54A-4D0E-A40A-B2911BF82E36}
		{34F2D43F-4CEC-4A20-9111-64E610EA954C} = {E26D346C-FE72-434A-AE4A-F85453447800}
		{183BBEBB-8A08-4B73-91E3-52AF205C8BD1} = {CF0B624E-E785-40D4-8718-F2484DBE37AE}
		{02CA2714-B513-43B4-A886-6A956F6F520F} = {DEF7383F-B92A-4E25-8EA4-1A7BF8506459}
		{417F2720-2CB7-4E75-B1BD-D8E8E7A8C6D4} = {DEF7383F-B92A-4E25-8EA4-1A7BF8506459}
		{CFDD7991-469C-4B0B-BA26-3A0A746B3575} = {DEF7383F-B92A-4E25-8EA4-1A7BF8506459}
		{C89BE792-E411-4DD1-8917-41D9A9DD0884} = {DEF7383F-B92A-4E25-8EA4-1A7BF8506459}
		{A5C9828D-7682-4087-A096-68EB50308AB6} = {E78DFFA1-90B1-48FC-A3EE-258E4DC0D2CE}
		{B3C4F861-419E-4A27-95E3-6C6CE0E7093A} = {D21F48AF-9088-4DEB-92BE-C07C5B660B26}
		{BF2DEFA7-3B68-4FA5-9D13-BFABDB3553D2} = {D21F48AF-9088-4DEB-92BE-C07C5B660B26}
		{06AC75E9-11C1-4FF5-BE93-1FB37CDF0047} = {D21F48AF-9088-4DEB-92BE-C07C5B660B26}
		{BFD20C9A-0BD0-48E0-AD9B-6C08F2F1FC68} = {06AC75E9-11C1-4FF5-BE93-1FB37CDF0047}
		{DEF7383F-B92A-4E25-8EA4-1A7BF8506459} = {AB07D834-ACCF-4830-892F-19FAE105B608}
		{9BA18667-F347-488F-B4B9-B2B967858549} = {AB07D834-ACCF-4830-892F-19FAE105B608}
		{1A3EAC96-6F09-4A9F-A2C3-FD408DC6433A} = {9BA18667-F347-488F-B4B9-B2B967858549}
		{665BD61A-3137-49FC-8613-C8E89718AD87} = {1A3EAC96-6F09-4A9F-A2C3-FD408DC6433A}
		{8678B117-3B4B-48F5-A5CD-0B725819EC05} = {1A3EAC96-6F09-4A9F-A2C3-FD408DC6433A}
		{3945EC22-4AB3-4C2E-920C-80B54D120802} = {1A3EAC96-6F09-4A9F-A2C3-FD408DC6433A}
		{2F2701DE-06B1-416B-A62E-9310F3F2FF37} = {DEF7383F-B92A-4E25-8EA4-1A7BF8506459}
	EndGlobalSection
	GlobalSection(ExtensibilityGlobals) = postSolution
		SolutionGuid = {AC2D95FD-F415-4B7E-B004-6823FC12008E}
	EndGlobalSection
EndGlobal
